
Microsoft Visual Studio Solution File, Format Version 12.00
# Visual Studio Version 17
VisualStudioVersion = 17.5.33530.505
MinimumVisualStudioVersion = 10.0.40219.1
Project("{9A19103F-16F7-4668-BE54-9A1E7A4F7556}") = "CSharp101", "CSharp101\CSharp101.csproj", "{F25A54EE-9BFE-4C54-80B5-E44744B568D0}"
EndProject
Global
	GlobalSection(SolutionConfigurationPlatforms) = preSolution
		Debug|Any CPU = Debug|Any CPU
		Release|Any CPU = Release|Any CPU
	EndGlobalSection
	GlobalSection(ProjectConfigurationPlatforms) = postSolution
		{F25A54EE-9BFE-4C54-80B5-E44744B568D0}.Debug|Any CPU.ActiveCfg = Debug|Any CPU
		{F25A54EE-9BFE-4C54-80B5-E44744B568D0}.Debug|Any CPU.Build.0 = Debug|Any CPU
		{F25A54EE-9BFE-4C54-80B5-E44744B568D0}.Release|Any CPU.ActiveCfg = Release|Any CPU
		{F25A54EE-9BFE-4C54-80B5-E44744B568D0}.Release|Any CPU.Build.0 = Release|Any CPU
	EndGlobalSection
	GlobalSection(SolutionProperties) = preSolution
		HideSolutionNode = FALSE
	EndGlobalSection
	GlobalSection(ExtensibilityGlobals) = postSolution
		SolutionGuid = {764F5ED2-497B-40A8-9417-B86995CD33AE}
	EndGlobalSection
EndGlobal
